// !$*UTF8*$!
{
	archiveVersion = 1;
	classes = {
	};
	objectVersion = 46;
	objects = {

/* Begin PBXBuildFile section */
		0D38E451193D68DC00F99E61 /* RandomColor.swift in Sources */ = {isa = PBXBuildFile; fileRef = 0D38E450193D68DC00F99E61 /* RandomColor.swift */; };
		0D4BBFDE193D521A007905B2 /* AppDelegate.swift in Sources */ = {isa = PBXBuildFile; fileRef = 0D4BBFDD193D521A007905B2 /* AppDelegate.swift */; };
		0D4BBFE0193D521A007905B2 /* Images.xcassets in Resources */ = {isa = PBXBuildFile; fileRef = 0D4BBFDF193D521A007905B2 /* Images.xcassets */; };
		0D4BBFF6193D5290007905B2 /* Main.storyboard in Resources */ = {isa = PBXBuildFile; fileRef = 0D4BBFF5193D5290007905B2 /* Main.storyboard */; };
		0D4BBFF8193D56B0007905B2 /* ToggleSwitchViewController.swift in Sources */ = {isa = PBXBuildFile; fileRef = 0D4BBFF7193D56B0007905B2 /* ToggleSwitchViewController.swift */; };
		0D4BBFFB193D5B3E007905B2 /* SwitchController.swift in Sources */ = {isa = PBXBuildFile; fileRef = 0D4BBFFA193D5B3E007905B2 /* SwitchController.swift */; };
/* End PBXBuildFile section */

/* Begin PBXContainerItemProxy section */
		0D4BBFE6193D521A007905B2 /* PBXContainerItemProxy */ = {
			isa = PBXContainerItemProxy;
			containerPortal = 0D4BBFD0193D521A007905B2 /* Project object */;
			proxyType = 1;
			remoteGlobalIDString = 0D4BBFD7193D521A007905B2;
			remoteInfo = Test;
		};
/* End PBXContainerItemProxy section */

/* Begin PBXFileReference section */
		0D38E450193D68DC00F99E61 /* RandomColor.swift */ = {isa = PBXFileReference; fileEncoding = 4; lastKnownFileType = sourcecode.swift; path = RandomColor.swift; sourceTree = "<group>"; };
		0D38E452193D696100F99E61 /* MyPlayground.playground */ = {isa = PBXFileReference; lastKnownFileType = file.playground; name = MyPlayground.playground; path = ../../../Desktop/MyPlayground.playground; sourceTree = "<group>"; };
		0D4BBFD8193D521A007905B2 /* hello_swift.app */ = {isa = PBXFileReference; explicitFileType = wrapper.application; includeInIndex = 0; path = hello_swift.app; sourceTree = BUILT_PRODUCTS_DIR; };
		0D4BBFDC193D521A007905B2 /* Info.plist */ = {isa = PBXFileReference; lastKnownFileType = text.plist.xml; path = Info.plist; sourceTree = "<group>"; };
		0D4BBFDD193D521A007905B2 /* AppDelegate.swift */ = {isa = PBXFileReference; lastKnownFileType = sourcecode.swift; name = AppDelegate.swift; path = ../hello_swift/AppDelegate.swift; sourceTree = "<group>"; };
		0D4BBFDF193D521A007905B2 /* Images.xcassets */ = {isa = PBXFileReference; lastKnownFileType = folder.assetcatalog; name = Images.xcassets; path = ../hello_swift/Images.xcassets; sourceTree = "<group>"; };
		0D4BBFE5193D521A007905B2 /* hello_swifthello_swifts.xctest */ = {isa = PBXFileReference; explicitFileType = wrapper.cfbundle; includeInIndex = 0; path = hello_swifthello_swifts.xctest; sourceTree = BUILT_PRODUCTS_DIR; };
		0D4BBFF5193D5290007905B2 /* Main.storyboard */ = {isa = PBXFileReference; fileEncoding = 4; lastKnownFileType = file.storyboard; name = Main.storyboard; path = ../hello_swift/Main.storyboard; sourceTree = "<group>"; };
		0D4BBFF7193D56B0007905B2 /* ToggleSwitchViewController.swift */ = {isa = PBXFileReference; fileEncoding = 4; lastKnownFileType = sourcecode.swift; name = ToggleSwitchViewController.swift; path = ../hello_swift/ToggleSwitchViewController.swift; sourceTree = "<group>"; };
		0D4BBFFA193D5B3E007905B2 /* SwitchController.swift */ = {isa = PBXFileReference; fileEncoding = 4; lastKnownFileType = sourcecode.swift; name = SwitchController.swift; path = ../hello_swift/SwitchController.swift; sourceTree = "<group>"; };
/* End PBXFileReference section */

/* Begin PBXFrameworksBuildPhase section */
		0D4BBFD5193D521A007905B2 /* Frameworks */ = {
			isa = PBXFrameworksBuildPhase;
			buildActionMask = 2147483647;
			files = (
			);
			runOnlyForDeploymentPostprocessing = 0;
		};
		0D4BBFE2193D521A007905B2 /* Frameworks */ = {
			isa = PBXFrameworksBuildPhase;
			buildActionMask = 2147483647;
			files = (
			);
			runOnlyForDeploymentPostprocessing = 0;
		};
/* End PBXFrameworksBuildPhase section */

/* Begin PBXGroup section */
		0D4BBFCF193D521A007905B2 = {
			isa = PBXGroup;
			children = (
				0D4BBFDA193D521A007905B2 /* hello_swift */,
				0D4BBFD9193D521A007905B2 /* Products */,
			);
			sourceTree = "<group>";
		};
		0D4BBFD9193D521A007905B2 /* Products */ = {
			isa = PBXGroup;
			children = (
				0D4BBFD8193D521A007905B2 /* hello_swift.app */,
				0D4BBFE5193D521A007905B2 /* hello_swifthello_swifts.xctest */,
			);
			name = Products;
			sourceTree = "<group>";
		};
		0D4BBFDA193D521A007905B2 /* hello_swift */ = {
			isa = PBXGroup;
			children = (
				0D4BBFDD193D521A007905B2 /* AppDelegate.swift */,
				0D4BBFF5193D5290007905B2 /* Main.storyboard */,
				0D4BBFF7193D56B0007905B2 /* ToggleSwitchViewController.swift */,
				0D4BBFFA193D5B3E007905B2 /* SwitchController.swift */,
				0D4BBFDF193D521A007905B2 /* Images.xcassets */,
				0D4BBFDB193D521A007905B2 /* Supporting Files */,
				0D38E450193D68DC00F99E61 /* RandomColor.swift */,
				0D38E452193D696100F99E61 /* MyPlayground.playground */,
			);
			path = hello_swift;
			sourceTree = "<group>";
		};
		0D4BBFDB193D521A007905B2 /* Supporting Files */ = {
			isa = PBXGroup;
			children = (
				0D4BBFDC193D521A007905B2 /* Info.plist */,
			);
			name = "Supporting Files";
			sourceTree = "<group>";
		};
/* End PBXGroup section */

/* Begin PBXNativeTarget section */
		0D4BBFD7193D521A007905B2 /* hello_swift */ = {
			isa = PBXNativeTarget;
			buildConfigurationList = 0D4BBFEF193D521B007905B2 /* Build configuration list for PBXNativeTarget "hello_swift" */;
			buildPhases = (
				0D4BBFD4193D521A007905B2 /* Sources */,
				0D4BBFD5193D521A007905B2 /* Frameworks */,
				0D4BBFD6193D521A007905B2 /* Resources */,
			);
			buildRules = (
			);
			dependencies = (
			);
			name = hello_swift;
			productName = Test;
			productReference = 0D4BBFD8193D521A007905B2 /* hello_swift.app */;
			productType = "com.apple.product-type.application";
		};
		0D4BBFE4193D521A007905B2 /* hello_swifthello_swifts */ = {
			isa = PBXNativeTarget;
			buildConfigurationList = 0D4BBFF2193D521B007905B2 /* Build configuration list for PBXNativeTarget "hello_swifthello_swifts" */;
			buildPhases = (
				0D4BBFE1193D521A007905B2 /* Sources */,
				0D4BBFE2193D521A007905B2 /* Frameworks */,
				0D4BBFE3193D521A007905B2 /* Resources */,
			);
			buildRules = (
			);
			dependencies = (
				0D4BBFE7193D521A007905B2 /* PBXTargetDependency */,
			);
			name = hello_swifthello_swifts;
			productName = TestTests;
			productReference = 0D4BBFE5193D521A007905B2 /* hello_swifthello_swifts.xctest */;
			productType = "com.apple.product-type.bundle.unit-test";
		};
/* End PBXNativeTarget section */

/* Begin PBXProject section */
		0D4BBFD0193D521A007905B2 /* Project object */ = {
			isa = PBXProject;
			attributes = {
				LastUpgradeCheck = 0600;
				ORGANIZATIONNAME = "Jay Stakelon";
				TargetAttributes = {
					0D4BBFD7193D521A007905B2 = {
						CreatedOnToolsVersion = 6.0;
					};
					0D4BBFE4193D521A007905B2 = {
						CreatedOnToolsVersion = 6.0;
						TestTargetID = 0D4BBFD7193D521A007905B2;
					};
				};
			};
			buildConfigurationList = 0D4BBFD3193D521A007905B2 /* Build configuration list for PBXProject "hello_swift" */;
			compatibilityVersion = "Xcode 3.2";
			developmentRegion = English;
			hasScannedForEncodings = 0;
			knownRegions = (
				en,
			);
			mainGroup = 0D4BBFCF193D521A007905B2;
			productRefGroup = 0D4BBFD9193D521A007905B2 /* Products */;
			projectDirPath = "";
			projectRoot = "";
			targets = (
				0D4BBFD7193D521A007905B2 /* hello_swift */,
				0D4BBFE4193D521A007905B2 /* hello_swifthello_swifts */,
			);
		};
/* End PBXProject section */

/* Begin PBXResourcesBuildPhase section */
		0D4BBFD6193D521A007905B2 /* Resources */ = {
			isa = PBXResourcesBuildPhase;
			buildActionMask = 2147483647;
			files = (
				0D4BBFE0193D521A007905B2 /* Images.xcassets in Resources */,
				0D4BBFF6193D5290007905B2 /* Main.storyboard in Resources */,
			);
			runOnlyForDeploymentPostprocessing = 0;
		};
		0D4BBFE3193D521A007905B2 /* Resources */ = {
			isa = PBXResourcesBuildPhase;
			buildActionMask = 2147483647;
			files = (
			);
			runOnlyForDeploymentPostprocessing = 0;
		};
/* End PBXResourcesBuildPhase section */

/* Begin PBXSourcesBuildPhase section */
		0D4BBFD4193D521A007905B2 /* Sources */ = {
			isa = PBXSourcesBuildPhase;
			buildActionMask = 2147483647;
			files = (
				0D38E451193D68DC00F99E61 /* RandomColor.swift in Sources */,
				0D4BBFFB193D5B3E007905B2 /* SwitchController.swift in Sources */,
				0D4BBFF8193D56B0007905B2 /* ToggleSwitchViewController.swift in Sources */,
				0D4BBFDE193D521A007905B2 /* AppDelegate.swift in Sources */,
			);
			runOnlyForDeploymentPostprocessing = 0;
		};
		0D4BBFE1193D521A007905B2 /* Sources */ = {
			isa = PBXSourcesBuildPhase;
			buildActionMask = 2147483647;
			files = (
			);
			runOnlyForDeploymentPostprocessing = 0;
		};
/* End PBXSourcesBuildPhase section */

/* Begin PBXTargetDependency section */
		0D4BBFE7193D521A007905B2 /* PBXTargetDependency */ = {
			isa = PBXTargetDependency;
			target = 0D4BBFD7193D521A007905B2 /* hello_swift */;
			targetProxy = 0D4BBFE6193D521A007905B2 /* PBXContainerItemProxy */;
		};
/* End PBXTargetDependency section */

/* Begin XCBuildConfiguration section */
		0D4BBFED193D521B007905B2 /* Debug */ = {
			isa = XCBuildConfiguration;
			buildSettings = {
				ALWAYS_SEARCH_USER_PATHS = NO;
				CLANG_CXX_LANGUAGE_STANDARD = "gnu++0x";
				CLANG_CXX_LIBRARY = "libc++";
				CLANG_ENABLE_MODULES = YES;
				CLANG_ENABLE_OBJC_ARC = YES;
				CLANG_WARN_BOOL_CONVERSION = YES;
				CLANG_WARN_CONSTANT_CONVERSION = YES;
				CLANG_WARN_DIRECT_OBJC_ISA_USAGE = YES_ERROR;
				CLANG_WARN_EMPTY_BODY = YES;
				CLANG_WARN_ENUM_CONVERSION = YES;
				CLANG_WARN_INT_CONVERSION = YES;
				CLANG_WARN_OBJC_ROOT_CLASS = YES_ERROR;
				CLANG_WARN_UNREACHABLE_CODE = YES;
				CLANG_WARN__DUPLICATE_METHOD_MATCH = YES;
				"CODE_SIGN_IDENTITY[sdk=iphoneos*]" = "iPhone Developer";
				COPY_PHASE_STRIP = NO;
				ENABLE_STRICT_OBJC_MSGSEND = YES;
				GCC_C_LANGUAGE_STANDARD = gnu99;
				GCC_DYNAMIC_NO_PIC = NO;
				GCC_OPTIMIZATION_LEVEL = 0;
				GCC_PREPROCESSOR_DEFINITIONS = (
					"DEBUG=1",
					"$(inherited)",
				);
				GCC_SYMBOLS_PRIVATE_EXTERN = NO;
				GCC_WARN_64_TO_32_BIT_CONVERSION = YES;
				GCC_WARN_ABOUT_RETURN_TYPE = YES_ERROR;
				GCC_WARN_UNDECLARED_SELECTOR = YES;
				GCC_WARN_UNINITIALIZED_AUTOS = YES_AGGRESSIVE;
				GCC_WARN_UNUSED_FUNCTION = YES;
				GCC_WARN_UNUSED_VARIABLE = YES;
				IPHONEOS_DEPLOYMENT_TARGET = 8.0;
				METAL_ENABLE_DEBUG_INFO = YES;
				ONLY_ACTIVE_ARCH = YES;
				SDKROOT = iphoneos;
				SWIFT_OPTIMIZATION_LEVEL = "-Onone";
			};
			name = Debug;
		};
		0D4BBFEE193D521B007905B2 /* Release */ = {
			isa = XCBuildConfiguration;
			buildSettings = {
				ALWAYS_SEARCH_USER_PATHS = NO;
				CLANG_CXX_LANGUAGE_STANDARD = "gnu++0x";
				CLANG_CXX_LIBRARY = "libc++";
				CLANG_ENABLE_MODULES = YES;
				CLANG_ENABLE_OBJC_ARC = YES;
				CLANG_WARN_BOOL_CONVERSION = YES;
				CLANG_WARN_CONSTANT_CONVERSION = YES;
				CLANG_WARN_DIRECT_OBJC_ISA_USAGE = YES_ERROR;
				CLANG_WARN_EMPTY_BODY = YES;
				CLANG_WARN_ENUM_CONVERSION = YES;
				CLANG_WARN_INT_CONVERSION = YES;
				CLANG_WARN_OBJC_ROOT_CLASS = YES_ERROR;
				CLANG_WARN_UNREACHABLE_CODE = YES;
				CLANG_WARN__DUPLICATE_METHOD_MATCH = YES;
				"CODE_SIGN_IDENTITY[sdk=iphoneos*]" = "iPhone Developer";
				COPY_PHASE_STRIP = YES;
				ENABLE_NS_ASSERTIONS = NO;
				ENABLE_STRICT_OBJC_MSGSEND = YES;
				GCC_C_LANGUAGE_STANDARD = gnu99;
				GCC_WARN_64_TO_32_BIT_CONVERSION = YES;
				GCC_WARN_ABOUT_RETURN_TYPE = YES_ERROR;
				GCC_WARN_UNDECLARED_SELECTOR = YES;
				GCC_WARN_UNINITIALIZED_AUTOS = YES_AGGRESSIVE;
				GCC_WARN_UNUSED_FUNCTION = YES;
				GCC_WARN_UNUSED_VARIABLE = YES;
				IPHONEOS_DEPLOYMENT_TARGET = 8.0;
				METAL_ENABLE_DEBUG_INFO = NO;
				SDKROOT = iphoneos;
				VALIDATE_PRODUCT = YES;
			};
			name = Release;
		};
		0D4BBFF0193D521B007905B2 /* Debug */ = {
			isa = XCBuildConfiguration;
			buildSettings = {
				ASSETCATALOG_COMPILER_APPICON_NAME = AppIcon;
				ASSETCATALOG_COMPILER_LAUNCHIMAGE_NAME = LaunchImage;
				INFOPLIST_FILE = "$(SRCROOT)/hello_swift/Info.plist";
				LD_RUNPATH_SEARCH_PATHS = "$(inherited) @executable_path/Frameworks";
				PRODUCT_NAME = hello_swift;
			};
			name = Debug;
		};
		0D4BBFF1193D521B007905B2 /* Release */ = {
			isa = XCBuildConfiguration;
			buildSettings = {
				ASSETCATALOG_COMPILER_APPICON_NAME = AppIcon;
				ASSETCATALOG_COMPILER_LAUNCHIMAGE_NAME = LaunchImage;
				INFOPLIST_FILE = "$(SRCROOT)/hello_swift/Info.plist";
				LD_RUNPATH_SEARCH_PATHS = "$(inherited) @executable_path/Frameworks";
				PRODUCT_NAME = hello_swift;
			};
			name = Release;
		};
		0D4BBFF3193D521B007905B2 /* Debug */ = {
			isa = XCBuildConfiguration;
			buildSettings = {
				BUNDLE_LOADER = "$(BUILT_PRODUCTS_DIR)/Test.app/Test";
				FRAMEWORK_SEARCH_PATHS = (
					"$(SDKROOT)/Developer/Library/Frameworks",
					"$(inherited)",
				);
				GCC_PREPROCESSOR_DEFINITIONS = (
					"DEBUG=1",
					"$(inherited)",
				);
				INFOPLIST_FILE = TestTests/Info.plist;
				LD_RUNPATH_SEARCH_PATHS = "$(inherited) @executable_path/Frameworks @loader_path/Frameworks";
				METAL_ENABLE_DEBUG_INFO = YES;
				PRODUCT_NAME = hello_swifthello_swifts;
				TEST_HOST = "$(BUNDLE_LOADER)";
			};
			name = Debug;
		};
		0D4BBFF4193D521B007905B2 /* Release */ = {
			isa = XCBuildConfiguration;
			buildSettings = {
				BUNDLE_LOADER = "$(BUILT_PRODUCTS_DIR)/Test.app/Test";
				FRAMEWORK_SEARCH_PATHS = (
					"$(SDKROOT)/Developer/Library/Frameworks",
					"$(inherited)",
				);
				INFOPLIST_FILE = TestTests/Info.plist;
				LD_RUNPATH_SEARCH_PATHS = "$(inherited) @executable_path/Frameworks @loader_path/Frameworks";
				METAL_ENABLE_DEBUG_INFO = NO;
				PRODUCT_NAME = hello_swifthello_swifts;
				TEST_HOST = "$(BUNDLE_LOADER)";
			};
			name = Release;
		};
/* End XCBuildConfiguration section */

/* Begin XCConfigurationList section */
		0D4BBFD3193D521A007905B2 /* Build configuration list for PBXProject "hello_swift" */ = {
			isa = XCConfigurationList;
			buildConfigurations = (
				0D4BBFED193D521B007905B2 /* Debug */,
				0D4BBFEE193D521B007905B2 /* Release */,
			);
			defaultConfigurationIsVisible = 0;
			defaultConfigurationName = Release;
		};
		0D4BBFEF193D521B007905B2 /* Build configuration list for PBXNativeTarget "hello_swift" */ = {
			isa = XCConfigurationList;
			buildConfigurations = (
				0D4BBFF0193D521B007905B2 /* Debug */,
				0D4BBFF1193D521B007905B2 /* Release */,
			);
			defaultConfigurationIsVisible = 0;
			defaultConfigurationName = Release;
		};
		0D4BBFF2193D521B007905B2 /* Build configuration list for PBXNativeTarget "hello_swifthello_swifts" */ = {
			isa = XCConfigurationList;
			buildConfigurations = (
				0D4BBFF3193D521B007905B2 /* Debug */,
				0D4BBFF4193D521B007905B2 /* Release */,
			);
			defaultConfigurationIsVisible = 0;
			defaultConfigurationName = Release;
		};
/* End XCConfigurationList section */
	};
	rootObject = 0D4BBFD0193D521A007905B2 /* Project object */;
}
